<?xml version="1.0" encoding="utf-8"?>
<Project ToolsVersion="4.0" xmlns="http://schemas.microsoft.com/developer/msbuild/2003">
  <ItemGroup>
    <ClCompile Include="jsoncpp\json_reader.cpp">
      <Filter>json</Filter>
    </ClCompile>
    <ClCompile Include="jsoncpp\json_value.cpp">
      <Filter>json</Filter>
    </ClCompile>
    <ClCompile Include="jsoncpp\json_writer.cpp">
      <Filter>json</Filter>
    </ClCompile>
    <ClCompile Include="CrossTimeServer.cpp">
      <Filter>source</Filter>
    </ClCompile>
    <ClCompile Include="Crypto.cpp">
      <Filter>source</Filter>
    </ClCompile>
    <ClCompile Include="DBHelper.cpp">
      <Filter>source</Filter>
    </ClCompile>
    <ClCompile Include="http_parser.c">
      <Filter>source</Filter>
    </ClCompile>
    <ClCompile Include="HttpParser.cpp">
      <Filter>source</Filter>
    </ClCompile>
    <ClCompile Include="main.cpp">
      <Filter>source</Filter>
    </ClCompile>
    <ClCompile Include="Packet.cpp">
      <Filter>source</Filter>
    </ClCompile>
    <ClCompile Include="logger\Condition.cc">
      <Filter>logger</Filter>
    </ClCompile>
    <ClCompile Include="logger\CountDownLatch.cc">
      <Filter>logger</Filter>
    </ClCompile>
    <ClCompile Include="logger\CurrentThread.cc">
      <Filter>logger</Filter>
    </ClCompile>
    <ClCompile Include="logger\Date.cc">
      <Filter>logger</Filter>
    </ClCompile>
    <ClCompile Include="logger\Exception.cc">
      <Filter>logger</Filter>
    </ClCompile>
    <ClCompile Include="logger\FileUtil.cc">
      <Filter>logger</Filter>
    </ClCompile>
    <ClCompile Include="logger\LogFile.cc">
      <Filter>logger</Filter>
    </ClCompile>
    <ClCompile Include="logger\Logging.cc">
      <Filter>logger</Filter>
    </ClCompile>
    <ClCompile Include="logger\LogStream.cc">
      <Filter>logger</Filter>
    </ClCompile>
    <ClCompile Include="logger\ProcessInfo.cc">
      <Filter>logger</Filter>
    </ClCompile>
    <ClCompile Include="logger\Thread.cc">
      <Filter>logger</Filter>
    </ClCompile>
    <ClCompile Include="logger\Timestamp.cc">
      <Filter>logger</Filter>
    </ClCompile>
    <ClCompile Include="logger\TimeZone.cc">
      <Filter>logger</Filter>
    </ClCompile>
  </ItemGroup>
  <ItemGroup>
    <ClInclude Include="jsoncpp\allocator.h">
      <Filter>json</Filter>
    </ClInclude>
    <ClInclude Include="jsoncpp\assertions.h">
      <Filter>json</Filter>
    </ClInclude>
    <ClInclude Include="jsoncpp\config.h">
      <Filter>json</Filter>
    </ClInclude>
    <ClInclude Include="jsoncpp\forwards.h">
      <Filter>json</Filter>
    </ClInclude>
    <ClInclude Include="jsoncpp\json.h">
      <Filter>json</Filter>
    </ClInclude>
    <ClInclude Include="jsoncpp\json_features.h">
      <Filter>json</Filter>
    </ClInclude>
    <ClInclude Include="jsoncpp\json_tool.h">
      <Filter>json</Filter>
    </ClInclude>
    <ClInclude Include="jsoncpp\reader.h">
      <Filter>json</Filter>
    </ClInclude>
    <ClInclude Include="jsoncpp\value.h">
      <Filter>json</Filter>
    </ClInclude>
    <ClInclude Include="jsoncpp\version.h">
      <Filter>json</Filter>
    </ClInclude>
    <ClInclude Include="jsoncpp\writer.h">
      <Filter>json</Filter>
    </ClInclude>
    <ClInclude Include="CrossTimeServer.h">
      <Filter>head</Filter>
    </ClInclude>
    <ClInclude Include="Crypto.h">
      <Filter>head</Filter>
    </ClInclude>
    <ClInclude Include="DBHelper.h">
      <Filter>head</Filter>
    </ClInclude>
    <ClInclude Include="http_parser.h">
      <Filter>head</Filter>
    </ClInclude>
    <ClInclude Include="HttpParser.h">
      <Filter>head</Filter>
    </ClInclude>
    <ClInclude Include="Public.h">
      <Filter>head</Filter>
    </ClInclude>
    <ClInclude Include="Packet.h">
      <Filter>head</Filter>
    </ClInclude>
    <ClInclude Include="logger\Atomic.h">
      <Filter>logger</Filter>
    </ClInclude>
    <ClInclude Include="logger\Condition.h">
      <Filter>logger</Filter>
    </ClInclude>
    <ClInclude Include="logger\copyable.h">
      <Filter>logger</Filter>
    </ClInclude>
    <ClInclude Include="logger\CountDownLatch.h">
      <Filter>logger</Filter>
    </ClInclude>
    <ClInclude Include="logger\CurrentThread.h">
      <Filter>logger</Filter>
    </ClInclude>
    <ClInclude Include="logger\Date.h">
      <Filter>logger</Filter>
    </ClInclude>
    <ClInclude Include="logger\Exception.h">
      <Filter>logger</Filter>
    </ClInclude>
    <ClInclude Include="logger\FileUtil.h">
      <Filter>logger</Filter>
    </ClInclude>
    <ClInclude Include="logger\LogFile.h">
      <Filter>logger</Filter>
    </ClInclude>
    <ClInclude Include="logger\Logging.h">
      <Filter>logger</Filter>
    </ClInclude>
    <ClInclude Include="logger\LogStream.h">
      <Filter>logger</Filter>
    </ClInclude>
    <ClInclude Include="logger\Mutex.h">
      <Filter>logger</Filter>
    </ClInclude>
    <ClInclude Include="logger\noncopyable.h">
      <Filter>logger</Filter>
    </ClInclude>
    <ClInclude Include="logger\ProcessInfo.h">
      <Filter>logger</Filter>
    </ClInclude>
    <ClInclude Include="logger\StringPiece.h">
      <Filter>logger</Filter>
    </ClInclude>
    <ClInclude Include="logger\Thread.h">
      <Filter>logger</Filter>
    </ClInclude>
    <ClInclude Include="logger\Timestamp.h">
      <Filter>logger</Filter>
    </ClInclude>
    <ClInclude Include="logger\TimeZone.h">
      <Filter>logger</Filter>
    </ClInclude>
    <ClInclude Include="logger\Types.h">
      <Filter>logger</Filter>
    </ClInclude>
  </ItemGroup>
  <ItemGroup>
    <Filter Include="json">
      <UniqueIdentifier>{47c152f1-96d5-495c-b7bb-e8bfdcdb631a}</UniqueIdentifier>
    </Filter>
    <Filter Include="head">
      <UniqueIdentifier>{08598dd2-3ee9-4f90-bf59-9c3dca78ec5a}</UniqueIdentifier>
    </Filter>
    <Filter Include="source">
      <UniqueIdentifier>{de620294-2583-4d88-8471-c457531df0ca}</UniqueIdentifier>
    </Filter>
    <Filter Include="logger">
      <UniqueIdentifier>{047672fb-1332-46a6-af3d-c4b2436a2b5e}</UniqueIdentifier>
    </Filter>
  </ItemGroup>
  <ItemGroup>
    <None Include="jsoncpp\json_valueiterator.inl">
      <Filter>json</Filter>
    </None>
  </ItemGroup>
</Project>